
Microsoft Visual Studio Solution File, Format Version 12.00
# Visual Studio 15
VisualStudioVersion = 15.0.28307.572
MinimumVisualStudioVersion = 10.0.40219.1
Project("{FAE04EC0-301F-11D3-BF4B-00C04F79EFBC}") = "Basic Image Filter", "Basic Image Filter\Basic Image Filter.csproj", "{7E4BB282-109C-4F25-800D-6B3DFCDBEC97}"
EndProject
Global
	GlobalSection(SolutionConfigurationPlatforms) = preSolution
		Debug|Any CPU = Debug|Any CPU
		Release|Any CPU = Release|Any CPU
	EndGlobalSection
	GlobalSection(ProjectConfigurationPlatforms) = postSolution
		{7E4BB282-109C-4F25-800D-6B3DFCDBEC97}.Debug|Any CPU.ActiveCfg = Debug|Any CPU
		{7E4BB282-109C-4F25-800D-6B3DFCDBEC97}.Debug|Any CPU.Build.0 = Debug|Any CPU
		{7E4BB282-109C-4F25-800D-6B3DFCDBEC97}.Release|Any CPU.ActiveCfg = Release|Any CPU
		{7E4BB282-109C-4F25-800D-6B3DFCDBEC97}.Release|Any CPU.Build.0 = Release|Any CPU
	EndGlobalSection
	GlobalSection(SolutionProperties) = preSolution
		HideSolutionNode = FALSE
	EndGlobalSection
	GlobalSection(ExtensibilityGlobals) = postSolution
		SolutionGuid = {39D19702-CBC4-4108-B61C-1A5F154790B9}
	EndGlobalSection
EndGlobal
